
Microsoft Visual Studio Solution File, Format Version 12.00
# Visual Studio Version 17
VisualStudioVersion = 17.5.002.0
MinimumVisualStudioVersion = 10.0.40219.1
Project("{9A19103F-16F7-4668-BE54-9A1E7A4F7556}") = "ApiCRUD", "ApiCRUD\ApiCRUD.csproj", "{3397F40D-DA71-4DCA-99C1-600981259B12}"
EndProject
Global
	GlobalSection(SolutionConfigurationPlatforms) = preSolution
		Debug|Any CPU = Debug|Any CPU
		Release|Any CPU = Release|Any CPU
	EndGlobalSection
	GlobalSection(ProjectConfigurationPlatforms) = postSolution
		{3397F40D-DA71-4DCA-99C1-600981259B12}.Debug|Any CPU.ActiveCfg = Debug|Any CPU
		{3397F40D-DA71-4DCA-99C1-600981259B12}.Debug|Any CPU.Build.0 = Debug|Any CPU
		{3397F40D-DA71-4DCA-99C1-600981259B12}.Release|Any CPU.ActiveCfg = Release|Any CPU
		{3397F40D-DA71-4DCA-99C1-600981259B12}.Release|Any CPU.Build.0 = Release|Any CPU
	EndGlobalSection
	GlobalSection(SolutionProperties) = preSolution
		HideSolutionNode = FALSE
	EndGlobalSection
	GlobalSection(ExtensibilityGlobals) = postSolution
		SolutionGuid = {6D634D91-8754-45D5-8F17-43F467F5BF0C}
	EndGlobalSection
EndGlobal
